
Microsoft Visual Studio Solution File, Format Version 12.00
# Visual Studio Version 16
VisualStudioVersion = 16.0.31025.194
MinimumVisualStudioVersion = 10.0.40219.1
Project("{FAE04EC0-301F-11D3-BF4B-00C04F79EFBC}") = "SeleniumTest", "SeleniumTest\SeleniumTest.csproj", "{7F24E579-4197-4555-8B07-A1BEC55DD680}"
EndProject
Global
	GlobalSection(SolutionConfigurationPlatforms) = preSolution
		Debug|Any CPU = Debug|Any CPU
		Release|Any CPU = Release|Any CPU
	EndGlobalSection
	GlobalSection(ProjectConfigurationPlatforms) = postSolution
		{7F24E579-4197-4555-8B07-A1BEC55DD680}.Debug|Any CPU.ActiveCfg = Debug|Any CPU
		{7F24E579-4197-4555-8B07-A1BEC55DD680}.Debug|Any CPU.Build.0 = Debug|Any CPU
		{7F24E579-4197-4555-8B07-A1BEC55DD680}.Release|Any CPU.ActiveCfg = Release|Any CPU
		{7F24E579-4197-4555-8B07-A1BEC55DD680}.Release|Any CPU.Build.0 = Release|Any CPU
	EndGlobalSection
	GlobalSection(SolutionProperties) = preSolution
		HideSolutionNode = FALSE
	EndGlobalSection
	GlobalSection(ExtensibilityGlobals) = postSolution
		SolutionGuid = {11B06D31-046D-4239-A18B-64E165379BC9}
	EndGlobalSection
EndGlobal
